schema: '2.0'
stages:
  get_data:
    cmd: python3 src/get_data.py
    deps:
    - path: src/get_data.py
      hash: md5
      md5: 9e4eec67e60f69cf83cec5c933e46295
      size: 421
    outs:
    - path: smsspamcollection
      hash: md5
      md5: 5a84bb806c75cbc704c9fb17e1ba8e44.dir
      size: 604940
      nfiles: 3
  preprocess:
    cmd: python3 src/text_preprocessing.py
    deps:
    - path: smsspamcollection/SMSSpamCollection
      hash: md5
      md5: 1486bd45728415fc3ffb5496c7a65f57
      size: 259898
    - path: src/text_preprocessing.py
      hash: md5
      md5: ed0b9c3b0ff2d70215f4e58f517a46cf
      size: 2533
    outs:
    - path: output/preprocessed_data.joblib
      hash: md5
      md5: ab979ba00a0835d2a1a6a21b78f79a51
      size: 374988
    - path: output/preprocessor.joblib
      hash: md5
      md5: 3839feab1144b028666bc98c2d419e2d
      size: 162737
  train:
    cmd: python3 src/text_classification.py
    deps:
    - path: output/preprocessed_data.joblib
      hash: md5
      md5: ab979ba00a0835d2a1a6a21b78f79a51
      size: 374988
    - path: smsspamcollection/SMSSpamCollection
      hash: md5
      md5: 1486bd45728415fc3ffb5496c7a65f57
      size: 259898
    - path: src/text_classification.py
      hash: md5
      md5: d97a4536ecf219d35eec938aae170628
      size: 3394
    outs:
    - path: output/accuracy_scores.png
      hash: md5
      md5: 2f2f1823405c19e3c9831aa00a1c2308
      size: 23990
      isexec: true
    - path: output/metrics.json
      hash: md5
      md5: ac2b13964c5f1f63d795d4323e738403
      size: 259
      isexec: true
    - path: output/misclassified_msgs.txt
      hash: md5
      md5: cfb7d104bfeec1116bc0fe70f85777c9
      size: 62574
      isexec: true
    - path: output/model.joblib
      hash: md5
      md5: 42b82bf281ff75bb80431dd8100b022b
      size: 13465
      isexec: true
