schema: '2.0'
stages:
  get_data:
    cmd: python3 src/get_data.py
    deps:
    - path: src/get_data.py
      hash: md5
      md5: 8db06febdba1ecbad3c9e174b19b008b
      size: 421
    outs:
    - path: smsspamcollection
      hash: md5
      md5: 6a96da26fe9ed5d450b58dd97347334e.dir
      size: 687902
      nfiles: 3
  preprocess:
    cmd: python3 src/text_preprocessing.py
    deps:
    - path: smsspamcollection/SMSSpamCollection
      hash: md5
      md5: fd45282652a83e8a5d4071dc65d7f615
      size: 342860
    - path: src/text_preprocessing.py
      hash: md5
      md5: ed0b9c3b0ff2d70215f4e58f517a46cf
      size: 2533
    outs:
    - path: output/preprocessed_data.joblib
      hash: md5
      md5: fbee42b3debd47fc97c9204157380ad2
      size: 495220
      isexec: true
    - path: output/preprocessor.joblib
      hash: md5
      md5: cd245e90672b88851c0d047d2cf1f943
      size: 192225
      isexec: true
  train:
    cmd: python3 src/text_classification.py
    deps:
    - path: output/preprocessed_data.joblib
      hash: md5
      md5: fbee42b3debd47fc97c9204157380ad2
      size: 495220
    - path: smsspamcollection/SMSSpamCollection
      hash: md5
      md5: fd45282652a83e8a5d4071dc65d7f615
      size: 342860
    - path: src/text_classification.py
      hash: md5
      md5: ea5cea56efbcfb732c31873c80d5d462
      size: 3290
    outs:
    - path: output/accuracy_scores.png
      hash: md5
      md5: f4a2b617e955d468cfe9bdff65a75f1e
      size: 23935
      isexec: true
    - path: output/misclassified_msgs.txt
      hash: md5
      md5: 2f1cdd94408dff44c62e11365d3d84b0
      size: 80316
      isexec: true
    - path: output/model.joblib
      hash: md5
      md5: 204332fd958988a18fe190b55d75440a
      size: 15065
      isexec: true
